{
  "object": {
    "pins": [
      {
        "package": "Realm",
        "repositoryURL": "https://github.com/realm/realm-cocoa",
        "state": {
          "branch": null,
          "revision": "8cc4d9ea5815f34c39a518261f81a82ca3270b69",
          "version": "5.0.2"
        }
      },
      {
        "package": "RealmCore",
        "repositoryURL": "https://github.com/realm/realm-core",
        "state": {
          "branch": null,
          "revision": "bc900a2a8e05722c1b42f95396adb3c99eeb500f",
          "version": "6.0.6"
        }
      }
    ]
  },
  "version": 1
}
